// !$*UTF8*$!
{
	archiveVersion = 1;
	classes = {
	};
	objectVersion = 55;
	objects = {

/* Begin PBXBuildFile section */
		982DE305C4B1775208708C3D /* Pods_Como_Vota__macOS_.framework in Frameworks */ = {isa = PBXBuildFile; fileRef = 93CDE07AC2EBCCD91E2656CC /* Pods_Como_Vota__macOS_.framework */; };
		E086C137491C24010DEB675E /* Pods_Como_Vota__iOS_.framework in Frameworks */ = {isa = PBXBuildFile; fileRef = FB49EED793516F0B879B1BC3 /* Pods_Como_Vota__iOS_.framework */; };
		EE01D63D27FDAC2F000C4294 /* LoginRemoteDataSource.swift in Sources */ = {isa = PBXBuildFile; fileRef = EE01D63C27FDAC2F000C4294 /* LoginRemoteDataSource.swift */; };
		EE01D64027FDAC70000C4294 /* ApiConstants.swift in Sources */ = {isa = PBXBuildFile; fileRef = EE01D63F27FDAC70000C4294 /* ApiConstants.swift */; };
		EE01D64427FDAD5D000C4294 /* LoginRequestPayload.swift in Sources */ = {isa = PBXBuildFile; fileRef = EE01D64327FDAD5D000C4294 /* LoginRequestPayload.swift */; };
		EE01D64827FDB0D6000C4294 /* AuthenticatedUserResponsePayload.swift in Sources */ = {isa = PBXBuildFile; fileRef = EE01D64727FDB0D6000C4294 /* AuthenticatedUserResponsePayload.swift */; };
		EE285AC727DA162600373148 /* PrimaryButtonView.swift in Sources */ = {isa = PBXBuildFile; fileRef = EE285AC627DA162600373148 /* PrimaryButtonView.swift */; };
		EE285ACB27DA17F500373148 /* FontExt.swift in Sources */ = {isa = PBXBuildFile; fileRef = EE285ACA27DA17F500373148 /* FontExt.swift */; };
		EE285ADA27DA1A5D00373148 /* IBMPlexMono-ThinItalic.ttf in Resources */ = {isa = PBXBuildFile; fileRef = EE285ACC27DA1A5C00373148 /* IBMPlexMono-ThinItalic.ttf */; };
		EE285ADB27DA1A5D00373148 /* IBMPlexMono-BoldItalic.ttf in Resources */ = {isa = PBXBuildFile; fileRef = EE285ACD27DA1A5D00373148 /* IBMPlexMono-BoldItalic.ttf */; };
		EE285ADC27DA1A5D00373148 /* IBMPlexMono-MediumItalic.ttf in Resources */ = {isa = PBXBuildFile; fileRef = EE285ACE27DA1A5D00373148 /* IBMPlexMono-MediumItalic.ttf */; };
		EE285ADD27DA1A5D00373148 /* IBMPlexMono-Medium.ttf in Resources */ = {isa = PBXBuildFile; fileRef = EE285ACF27DA1A5D00373148 /* IBMPlexMono-Medium.ttf */; };
		EE285ADE27DA1A5D00373148 /* IBMPlexMono-SemiBold.ttf in Resources */ = {isa = PBXBuildFile; fileRef = EE285AD027DA1A5D00373148 /* IBMPlexMono-SemiBold.ttf */; };
		EE285ADF27DA1A5D00373148 /* IBMPlexMono-Regular.ttf in Resources */ = {isa = PBXBuildFile; fileRef = EE285AD127DA1A5D00373148 /* IBMPlexMono-Regular.ttf */; };
		EE285AE027DA1A5D00373148 /* IBMPlexMono-Thin.ttf in Resources */ = {isa = PBXBuildFile; fileRef = EE285AD227DA1A5D00373148 /* IBMPlexMono-Thin.ttf */; };
		EE285AE127DA1A5D00373148 /* IBMPlexMono-LightItalic.ttf in Resources */ = {isa = PBXBuildFile; fileRef = EE285AD327DA1A5D00373148 /* IBMPlexMono-LightItalic.ttf */; };
		EE285AE227DA1A5D00373148 /* IBMPlexMono-Italic.ttf in Resources */ = {isa = PBXBuildFile; fileRef = EE285AD427DA1A5D00373148 /* IBMPlexMono-Italic.ttf */; };
		EE285AE327DA1A5D00373148 /* IBMPlexMono-Bold.ttf in Resources */ = {isa = PBXBuildFile; fileRef = EE285AD527DA1A5D00373148 /* IBMPlexMono-Bold.ttf */; };
		EE285AE427DA1A5D00373148 /* IBMPlexMono-ExtraLight.ttf in Resources */ = {isa = PBXBuildFile; fileRef = EE285AD627DA1A5D00373148 /* IBMPlexMono-ExtraLight.ttf */; };
		EE285AE527DA1A5D00373148 /* IBMPlexMono-Light.ttf in Resources */ = {isa = PBXBuildFile; fileRef = EE285AD727DA1A5D00373148 /* IBMPlexMono-Light.ttf */; };
		EE285AE627DA1A5D00373148 /* IBMPlexMono-SemiBoldItalic.ttf in Resources */ = {isa = PBXBuildFile; fileRef = EE285AD827DA1A5D00373148 /* IBMPlexMono-SemiBoldItalic.ttf */; };
		EE285AE727DA1A5D00373148 /* IBMPlexMono-ExtraLightItalic.ttf in Resources */ = {isa = PBXBuildFile; fileRef = EE285AD927DA1A5D00373148 /* IBMPlexMono-ExtraLightItalic.ttf */; };
		EE285AEB27DA1C0700373148 /* LargeTitleView.swift in Sources */ = {isa = PBXBuildFile; fileRef = EE285AEA27DA1C0700373148 /* LargeTitleView.swift */; };
		EE285AEF27DA1FFD00373148 /* WelcomeText.swift in Sources */ = {isa = PBXBuildFile; fileRef = EE285AEE27DA1FFD00373148 /* WelcomeText.swift */; };
		EE38C599285DDF5A007F24DD /* NominalVoteViewModel.swift in Sources */ = {isa = PBXBuildFile; fileRef = EE38C598285DDF5A007F24DD /* NominalVoteViewModel.swift */; };
		EE38C59B285DDF8A007F24DD /* NominalVoteViewState.swift in Sources */ = {isa = PBXBuildFile; fileRef = EE38C59A285DDF8A007F24DD /* NominalVoteViewState.swift */; };
		EE38C5A0285DE5A6007F24DD /* VisibilityExt.swift in Sources */ = {isa = PBXBuildFile; fileRef = EE38C59F285DE5A6007F24DD /* VisibilityExt.swift */; };
		EE38C5A3285F48EA007F24DD /* NominalVoteService.swift in Sources */ = {isa = PBXBuildFile; fileRef = EE38C5A2285F48EA007F24DD /* NominalVoteService.swift */; };
		EE3CC93E27EC98E3000B63B6 /* BackButtonView.swift in Sources */ = {isa = PBXBuildFile; fileRef = EE3CC93D27EC98E3000B63B6 /* BackButtonView.swift */; };
		EE48C4042858AF6200B2A9DC /* NominalVoteView.swift in Sources */ = {isa = PBXBuildFile; fileRef = EE48C4032858AF6200B2A9DC /* NominalVoteView.swift */; };
		EE48C4072858B28100B2A9DC /* VoteItem.swift in Sources */ = {isa = PBXBuildFile; fileRef = EE48C4062858B28100B2A9DC /* VoteItem.swift */; };
		EE48C4092858B32E00B2A9DC /* VoteRowView.swift in Sources */ = {isa = PBXBuildFile; fileRef = EE48C4082858B32E00B2A9DC /* VoteRowView.swift */; };
		EE51598B2860A7AC00148240 /* NominalVote.swift in Sources */ = {isa = PBXBuildFile; fileRef = EE51598A2860A7AC00148240 /* NominalVote.swift */; };
		EE9B17DA27FDA657006175DB /* LoginViewModel.swift in Sources */ = {isa = PBXBuildFile; fileRef = EE9B17D927FDA657006175DB /* LoginViewModel.swift */; };
		EEC5261A27EB4B3D00CB6EC7 /* DotIndicatorSize.swift in Sources */ = {isa = PBXBuildFile; fileRef = EEC5261927EB4B3D00CB6EC7 /* DotIndicatorSize.swift */; };
		EEC88FBC27E0B9CB006728C0 /* BorderSize.swift in Sources */ = {isa = PBXBuildFile; fileRef = EEC88FBB27E0B9CB006728C0 /* BorderSize.swift */; };
		EEC88FC227E0BF74006728C0 /* ThirdButtonView.swift in Sources */ = {isa = PBXBuildFile; fileRef = EEC88FC127E0BF74006728C0 /* ThirdButtonView.swift */; };
		EEDD956A27E21C9F00531F6F /* WelcomeNavigationDestinations.swift in Sources */ = {isa = PBXBuildFile; fileRef = EEDD956927E21C9F00531F6F /* WelcomeNavigationDestinations.swift */; };
		EEDD956D27E21F5400531F6F /* LoginView.swift in Sources */ = {isa = PBXBuildFile; fileRef = EEDD956C27E21F5400531F6F /* LoginView.swift */; };
		EEDD957027E21F7F00531F6F /* SignupView.swift in Sources */ = {isa = PBXBuildFile; fileRef = EEDD956F27E21F7F00531F6F /* SignupView.swift */; };
		EEDD957227E22CCF00531F6F /* LoginEmailView.swift in Sources */ = {isa = PBXBuildFile; fileRef = EEDD957127E22CCF00531F6F /* LoginEmailView.swift */; };
		EEDD957427E22DAC00531F6F /* LoginText.swift in Sources */ = {isa = PBXBuildFile; fileRef = EEDD957327E22DAC00531F6F /* LoginText.swift */; };
		EEEB501C27E34D28004D4B6D /* LoginPasswordView.swift in Sources */ = {isa = PBXBuildFile; fileRef = EEEB501B27E34D28004D4B6D /* LoginPasswordView.swift */; };
		EEEB501F27E34EF1004D4B6D /* CommonTexts.swift in Sources */ = {isa = PBXBuildFile; fileRef = EEEB501E27E34EF1004D4B6D /* CommonTexts.swift */; };
		EEF9143927D8BF3600603BA3 /* Como_VotaApp.swift in Sources */ = {isa = PBXBuildFile; fileRef = EEF9142927D8BF3400603BA3 /* Como_VotaApp.swift */; };
		EEF9143A27D8BF3600603BA3 /* Como_VotaApp.swift in Sources */ = {isa = PBXBuildFile; fileRef = EEF9142927D8BF3400603BA3 /* Como_VotaApp.swift */; };
		EEF9143B27D8BF3600603BA3 /* ContentView.swift in Sources */ = {isa = PBXBuildFile; fileRef = EEF9142A27D8BF3400603BA3 /* ContentView.swift */; };
		EEF9143C27D8BF3600603BA3 /* ContentView.swift in Sources */ = {isa = PBXBuildFile; fileRef = EEF9142A27D8BF3400603BA3 /* ContentView.swift */; };
		EEF9143D27D8BF3600603BA3 /* Assets.xcassets in Resources */ = {isa = PBXBuildFile; fileRef = EEF9142B27D8BF3500603BA3 /* Assets.xcassets */; };
		EEF9143E27D8BF3600603BA3 /* Assets.xcassets in Resources */ = {isa = PBXBuildFile; fileRef = EEF9142B27D8BF3500603BA3 /* Assets.xcassets */; };
		EEF9144A27D8C12300603BA3 /* WelcomeView.swift in Sources */ = {isa = PBXBuildFile; fileRef = EEF9144927D8C12300603BA3 /* WelcomeView.swift */; };
		EEF9144F27D8C41E00603BA3 /* TextSize.swift in Sources */ = {isa = PBXBuildFile; fileRef = EEF9144E27D8C41E00603BA3 /* TextSize.swift */; };
		EEF9145327D8CB8800603BA3 /* Spacing.swift in Sources */ = {isa = PBXBuildFile; fileRef = EEF9145227D8CB8800603BA3 /* Spacing.swift */; };
/* End PBXBuildFile section */

/* Begin PBXFileReference section */
		051EDC4B92AEE5D153AF6C18 /* Pods-Como Vota (iOS).release.xcconfig */ = {isa = PBXFileReference; includeInIndex = 1; lastKnownFileType = text.xcconfig; name = "Pods-Como Vota (iOS).release.xcconfig"; path = "Target Support Files/Pods-Como Vota (iOS)/Pods-Como Vota (iOS).release.xcconfig"; sourceTree = "<group>"; };
		64F070AB5681BD1F9864FA01 /* Pods-Como Vota (macOS).debug.xcconfig */ = {isa = PBXFileReference; includeInIndex = 1; lastKnownFileType = text.xcconfig; name = "Pods-Como Vota (macOS).debug.xcconfig"; path = "Target Support Files/Pods-Como Vota (macOS)/Pods-Como Vota (macOS).debug.xcconfig"; sourceTree = "<group>"; };
		93CDE07AC2EBCCD91E2656CC /* Pods_Como_Vota__macOS_.framework */ = {isa = PBXFileReference; explicitFileType = wrapper.framework; includeInIndex = 0; path = Pods_Como_Vota__macOS_.framework; sourceTree = BUILT_PRODUCTS_DIR; };
		E293FCBE2700C4BC31E77C5F /* Pods-Como Vota (iOS).debug.xcconfig */ = {isa = PBXFileReference; includeInIndex = 1; lastKnownFileType = text.xcconfig; name = "Pods-Como Vota (iOS).debug.xcconfig"; path = "Target Support Files/Pods-Como Vota (iOS)/Pods-Como Vota (iOS).debug.xcconfig"; sourceTree = "<group>"; };
		EB8B4561EABDBB7572B168B0 /* Pods-Como Vota (macOS).release.xcconfig */ = {isa = PBXFileReference; includeInIndex = 1; lastKnownFileType = text.xcconfig; name = "Pods-Como Vota (macOS).release.xcconfig"; path = "Target Support Files/Pods-Como Vota (macOS)/Pods-Como Vota (macOS).release.xcconfig"; sourceTree = "<group>"; };
		EE01D63C27FDAC2F000C4294 /* LoginRemoteDataSource.swift */ = {isa = PBXFileReference; lastKnownFileType = sourcecode.swift; path = LoginRemoteDataSource.swift; sourceTree = "<group>"; };
		EE01D63F27FDAC70000C4294 /* ApiConstants.swift */ = {isa = PBXFileReference; lastKnownFileType = sourcecode.swift; path = ApiConstants.swift; sourceTree = "<group>"; };
		EE01D64327FDAD5D000C4294 /* LoginRequestPayload.swift */ = {isa = PBXFileReference; lastKnownFileType = sourcecode.swift; path = LoginRequestPayload.swift; sourceTree = "<group>"; };
		EE01D64727FDB0D6000C4294 /* AuthenticatedUserResponsePayload.swift */ = {isa = PBXFileReference; lastKnownFileType = sourcecode.swift; path = AuthenticatedUserResponsePayload.swift; sourceTree = "<group>"; };
		EE285AC627DA162600373148 /* PrimaryButtonView.swift */ = {isa = PBXFileReference; lastKnownFileType = sourcecode.swift; path = PrimaryButtonView.swift; sourceTree = "<group>"; };
		EE285ACA27DA17F500373148 /* FontExt.swift */ = {isa = PBXFileReference; lastKnownFileType = sourcecode.swift; path = FontExt.swift; sourceTree = "<group>"; };
		EE285ACC27DA1A5C00373148 /* IBMPlexMono-ThinItalic.ttf */ = {isa = PBXFileReference; lastKnownFileType = file; path = "IBMPlexMono-ThinItalic.ttf"; sourceTree = "<group>"; };
		EE285ACD27DA1A5D00373148 /* IBMPlexMono-BoldItalic.ttf */ = {isa = PBXFileReference; lastKnownFileType = file; path = "IBMPlexMono-BoldItalic.ttf"; sourceTree = "<group>"; };
		EE285ACE27DA1A5D00373148 /* IBMPlexMono-MediumItalic.ttf */ = {isa = PBXFileReference; lastKnownFileType = file; path = "IBMPlexMono-MediumItalic.ttf"; sourceTree = "<group>"; };
		EE285ACF27DA1A5D00373148 /* IBMPlexMono-Medium.ttf */ = {isa = PBXFileReference; lastKnownFileType = file; path = "IBMPlexMono-Medium.ttf"; sourceTree = "<group>"; };
		EE285AD027DA1A5D00373148 /* IBMPlexMono-SemiBold.ttf */ = {isa = PBXFileReference; lastKnownFileType = file; path = "IBMPlexMono-SemiBold.ttf"; sourceTree = "<group>"; };
		EE285AD127DA1A5D00373148 /* IBMPlexMono-Regular.ttf */ = {isa = PBXFileReference; lastKnownFileType = file; path = "IBMPlexMono-Regular.ttf"; sourceTree = "<group>"; };
		EE285AD227DA1A5D00373148 /* IBMPlexMono-Thin.ttf */ = {isa = PBXFileReference; lastKnownFileType = file; path = "IBMPlexMono-Thin.ttf"; sourceTree = "<group>"; };
		EE285AD327DA1A5D00373148 /* IBMPlexMono-LightItalic.ttf */ = {isa = PBXFileReference; lastKnownFileType = file; path = "IBMPlexMono-LightItalic.ttf"; sourceTree = "<group>"; };
		EE285AD427DA1A5D00373148 /* IBMPlexMono-Italic.ttf */ = {isa = PBXFileReference; lastKnownFileType = file; path = "IBMPlexMono-Italic.ttf"; sourceTree = "<group>"; };
		EE285AD527DA1A5D00373148 /* IBMPlexMono-Bold.ttf */ = {isa = PBXFileReference; lastKnownFileType = file; path = "IBMPlexMono-Bold.ttf"; sourceTree = "<group>"; };
		EE285AD627DA1A5D00373148 /* IBMPlexMono-ExtraLight.ttf */ = {isa = PBXFileReference; lastKnownFileType = file; path = "IBMPlexMono-ExtraLight.ttf"; sourceTree = "<group>"; };
		EE285AD727DA1A5D00373148 /* IBMPlexMono-Light.ttf */ = {isa = PBXFileReference; lastKnownFileType = file; path = "IBMPlexMono-Light.ttf"; sourceTree = "<group>"; };
		EE285AD827DA1A5D00373148 /* IBMPlexMono-SemiBoldItalic.ttf */ = {isa = PBXFileReference; lastKnownFileType = file; path = "IBMPlexMono-SemiBoldItalic.ttf"; sourceTree = "<group>"; };
		EE285AD927DA1A5D00373148 /* IBMPlexMono-ExtraLightItalic.ttf */ = {isa = PBXFileReference; lastKnownFileType = file; path = "IBMPlexMono-ExtraLightItalic.ttf"; sourceTree = "<group>"; };
		EE285AE827DA1B2000373148 /* Como-Vota--iOS--Info.plist */ = {isa = PBXFileReference; lastKnownFileType = text.plist; path = "Como-Vota--iOS--Info.plist"; sourceTree = "<group>"; };
		EE285AEA27DA1C0700373148 /* LargeTitleView.swift */ = {isa = PBXFileReference; lastKnownFileType = sourcecode.swift; path = LargeTitleView.swift; sourceTree = "<group>"; };
		EE285AEE27DA1FFD00373148 /* WelcomeText.swift */ = {isa = PBXFileReference; lastKnownFileType = sourcecode.swift; path = WelcomeText.swift; sourceTree = "<group>"; };
		EE38C598285DDF5A007F24DD /* NominalVoteViewModel.swift */ = {isa = PBXFileReference; lastKnownFileType = sourcecode.swift; path = NominalVoteViewModel.swift; sourceTree = "<group>"; };
		EE38C59A285DDF8A007F24DD /* NominalVoteViewState.swift */ = {isa = PBXFileReference; lastKnownFileType = sourcecode.swift; path = NominalVoteViewState.swift; sourceTree = "<group>"; };
		EE38C59F285DE5A6007F24DD /* VisibilityExt.swift */ = {isa = PBXFileReference; lastKnownFileType = sourcecode.swift; path = VisibilityExt.swift; sourceTree = "<group>"; };
		EE38C5A2285F48EA007F24DD /* NominalVoteService.swift */ = {isa = PBXFileReference; lastKnownFileType = sourcecode.swift; path = NominalVoteService.swift; sourceTree = "<group>"; };
		EE3CC93D27EC98E3000B63B6 /* BackButtonView.swift */ = {isa = PBXFileReference; lastKnownFileType = sourcecode.swift; path = BackButtonView.swift; sourceTree = "<group>"; };
		EE48C4032858AF6200B2A9DC /* NominalVoteView.swift */ = {isa = PBXFileReference; lastKnownFileType = sourcecode.swift; path = NominalVoteView.swift; sourceTree = "<group>"; };
		EE48C4062858B28100B2A9DC /* VoteItem.swift */ = {isa = PBXFileReference; lastKnownFileType = sourcecode.swift; path = VoteItem.swift; sourceTree = "<group>"; };
		EE48C4082858B32E00B2A9DC /* VoteRowView.swift */ = {isa = PBXFileReference; lastKnownFileType = sourcecode.swift; path = VoteRowView.swift; sourceTree = "<group>"; };
		EE51598A2860A7AC00148240 /* NominalVote.swift */ = {isa = PBXFileReference; lastKnownFileType = sourcecode.swift; path = NominalVote.swift; sourceTree = "<group>"; };
		EE9B17D927FDA657006175DB /* LoginViewModel.swift */ = {isa = PBXFileReference; lastKnownFileType = sourcecode.swift; path = LoginViewModel.swift; sourceTree = "<group>"; };
		EEC5261927EB4B3D00CB6EC7 /* DotIndicatorSize.swift */ = {isa = PBXFileReference; lastKnownFileType = sourcecode.swift; path = DotIndicatorSize.swift; sourceTree = "<group>"; };
		EEC88FBB27E0B9CB006728C0 /* BorderSize.swift */ = {isa = PBXFileReference; lastKnownFileType = sourcecode.swift; path = BorderSize.swift; sourceTree = "<group>"; };
		EEC88FC127E0BF74006728C0 /* ThirdButtonView.swift */ = {isa = PBXFileReference; lastKnownFileType = sourcecode.swift; path = ThirdButtonView.swift; sourceTree = "<group>"; };
		EEDD956927E21C9F00531F6F /* WelcomeNavigationDestinations.swift */ = {isa = PBXFileReference; lastKnownFileType = sourcecode.swift; path = WelcomeNavigationDestinations.swift; sourceTree = "<group>"; };
		EEDD956C27E21F5400531F6F /* LoginView.swift */ = {isa = PBXFileReference; lastKnownFileType = sourcecode.swift; path = LoginView.swift; sourceTree = "<group>"; };
		EEDD956F27E21F7F00531F6F /* SignupView.swift */ = {isa = PBXFileReference; lastKnownFileType = sourcecode.swift; path = SignupView.swift; sourceTree = "<group>"; };
		EEDD957127E22CCF00531F6F /* LoginEmailView.swift */ = {isa = PBXFileReference; lastKnownFileType = sourcecode.swift; path = LoginEmailView.swift; sourceTree = "<group>"; };
		EEDD957327E22DAC00531F6F /* LoginText.swift */ = {isa = PBXFileReference; lastKnownFileType = sourcecode.swift; path = LoginText.swift; sourceTree = "<group>"; };
		EEEB501B27E34D28004D4B6D /* LoginPasswordView.swift */ = {isa = PBXFileReference; lastKnownFileType = sourcecode.swift; path = LoginPasswordView.swift; sourceTree = "<group>"; };
		EEEB501E27E34EF1004D4B6D /* CommonTexts.swift */ = {isa = PBXFileReference; lastKnownFileType = sourcecode.swift; path = CommonTexts.swift; sourceTree = "<group>"; };
		EEF9142927D8BF3400603BA3 /* Como_VotaApp.swift */ = {isa = PBXFileReference; lastKnownFileType = sourcecode.swift; path = Como_VotaApp.swift; sourceTree = "<group>"; };
		EEF9142A27D8BF3400603BA3 /* ContentView.swift */ = {isa = PBXFileReference; lastKnownFileType = sourcecode.swift; path = ContentView.swift; sourceTree = "<group>"; };
		EEF9142B27D8BF3500603BA3 /* Assets.xcassets */ = {isa = PBXFileReference; lastKnownFileType = folder.assetcatalog; path = Assets.xcassets; sourceTree = "<group>"; };
		EEF9143027D8BF3600603BA3 /* Como Vota.app */ = {isa = PBXFileReference; explicitFileType = wrapper.application; includeInIndex = 0; path = "Como Vota.app"; sourceTree = BUILT_PRODUCTS_DIR; };
		EEF9143627D8BF3600603BA3 /* Como Vota.app */ = {isa = PBXFileReference; explicitFileType = wrapper.application; includeInIndex = 0; path = "Como Vota.app"; sourceTree = BUILT_PRODUCTS_DIR; };
		EEF9143827D8BF3600603BA3 /* macOS.entitlements */ = {isa = PBXFileReference; lastKnownFileType = text.plist.entitlements; path = macOS.entitlements; sourceTree = "<group>"; };
		EEF9144927D8C12300603BA3 /* WelcomeView.swift */ = {isa = PBXFileReference; lastKnownFileType = sourcecode.swift; path = WelcomeView.swift; sourceTree = "<group>"; };
		EEF9144E27D8C41E00603BA3 /* TextSize.swift */ = {isa = PBXFileReference; lastKnownFileType = sourcecode.swift; path = TextSize.swift; sourceTree = "<group>"; };
		EEF9145227D8CB8800603BA3 /* Spacing.swift */ = {isa = PBXFileReference; lastKnownFileType = sourcecode.swift; path = Spacing.swift; sourceTree = "<group>"; };
		FB49EED793516F0B879B1BC3 /* Pods_Como_Vota__iOS_.framework */ = {isa = PBXFileReference; explicitFileType = wrapper.framework; includeInIndex = 0; path = Pods_Como_Vota__iOS_.framework; sourceTree = BUILT_PRODUCTS_DIR; };
/* End PBXFileReference section */

/* Begin PBXFrameworksBuildPhase section */
		EEF9142D27D8BF3600603BA3 /* Frameworks */ = {
			isa = PBXFrameworksBuildPhase;
			buildActionMask = 2147483647;
			files = (
				E086C137491C24010DEB675E /* Pods_Como_Vota__iOS_.framework in Frameworks */,
			);
			runOnlyForDeploymentPostprocessing = 0;
		};
		EEF9143327D8BF3600603BA3 /* Frameworks */ = {
			isa = PBXFrameworksBuildPhase;
			buildActionMask = 2147483647;
			files = (
				982DE305C4B1775208708C3D /* Pods_Como_Vota__macOS_.framework in Frameworks */,
			);
			runOnlyForDeploymentPostprocessing = 0;
		};
/* End PBXFrameworksBuildPhase section */

/* Begin PBXGroup section */
		356B00FD511177C96EDD74CA /* Pods */ = {
			isa = PBXGroup;
			children = (
				E293FCBE2700C4BC31E77C5F /* Pods-Como Vota (iOS).debug.xcconfig */,
				051EDC4B92AEE5D153AF6C18 /* Pods-Como Vota (iOS).release.xcconfig */,
				64F070AB5681BD1F9864FA01 /* Pods-Como Vota (macOS).debug.xcconfig */,
				EB8B4561EABDBB7572B168B0 /* Pods-Como Vota (macOS).release.xcconfig */,
			);
			path = Pods;
			sourceTree = "<group>";
		};
		43B64D798CF57F86E67D8E55 /* Frameworks */ = {
			isa = PBXGroup;
			children = (
				FB49EED793516F0B879B1BC3 /* Pods_Como_Vota__iOS_.framework */,
				93CDE07AC2EBCCD91E2656CC /* Pods_Como_Vota__macOS_.framework */,
			);
			name = Frameworks;
			sourceTree = "<group>";
		};
		EE01D63B27FDAC12000C4294 /* data */ = {
			isa = PBXGroup;
			children = (
				EE01D64227FDAD46000C4294 /* datasource */,
				EE01D64127FDAD40000C4294 /* model */,
			);
			path = data;
			sourceTree = "<group>";
		};
		EE01D63E27FDAC5B000C4294 /* Data */ = {
			isa = PBXGroup;
			children = (
				EE01D63F27FDAC70000C4294 /* ApiConstants.swift */,
			);
			path = Data;
			sourceTree = "<group>";
		};
		EE01D64127FDAD40000C4294 /* model */ = {
			isa = PBXGroup;
			children = (
				EE01D64327FDAD5D000C4294 /* LoginRequestPayload.swift */,
			);
			path = model;
			sourceTree = "<group>";
		};
		EE01D64227FDAD46000C4294 /* datasource */ = {
			isa = PBXGroup;
			children = (
				EE01D63C27FDAC2F000C4294 /* LoginRemoteDataSource.swift */,
			);
			path = datasource;
			sourceTree = "<group>";
		};
		EE01D64527FDB0B8000C4294 /* Auth */ = {
			isa = PBXGroup;
			children = (
				EE01D64627FDB0C3000C4294 /* Data */,
				EEDD956E27E21F5E00531F6F /* Signup */,
				EEDD956B27E21F4000531F6F /* Login */,
			);
			path = Auth;
			sourceTree = "<group>";
		};
		EE01D64627FDB0C3000C4294 /* Data */ = {
			isa = PBXGroup;
			children = (
				EE01D64727FDB0D6000C4294 /* AuthenticatedUserResponsePayload.swift */,
			);
			path = Data;
			sourceTree = "<group>";
		};
		EE285AC527DA146100373148 /* Components */ = {
			isa = PBXGroup;
			children = (
				EEC88FB927E0B380006728C0 /* Button */,
				EE285AE927DA1BED00373148 /* Text */,
			);
			path = Components;
			sourceTree = "<group>";
		};
		EE285AC827DA17C800373148 /* Extensions */ = {
			isa = PBXGroup;
			children = (
				EE285AC927DA17D400373148 /* Design */,
			);
			path = Extensions;
			sourceTree = "<group>";
		};
		EE285AC927DA17D400373148 /* Design */ = {
			isa = PBXGroup;
			children = (
				EE285ACA27DA17F500373148 /* FontExt.swift */,
				EE38C59F285DE5A6007F24DD /* VisibilityExt.swift */,
			);
			path = Design;
			sourceTree = "<group>";
		};
		EE285AE927DA1BED00373148 /* Text */ = {
			isa = PBXGroup;
			children = (
				EE285AEA27DA1C0700373148 /* LargeTitleView.swift */,
			);
			path = Text;
			sourceTree = "<group>";
		};
		EE38C59C285DE2CD007F24DD /* View */ = {
			isa = PBXGroup;
			children = (
			);
			path = View;
			sourceTree = "<group>";
		};
		EE38C5A1285F48BE007F24DD /* Service */ = {
			isa = PBXGroup;
			children = (
				EE38C5A2285F48EA007F24DD /* NominalVoteService.swift */,
			);
			path = Service;
			sourceTree = "<group>";
		};
		EE48C4012858AF0800B2A9DC /* NominalVoteList */ = {
			isa = PBXGroup;
			children = (
				EE5159882860A69900148240 /* Data */,
				EE48C4022858AF4900B2A9DC /* Presentation */,
			);
			path = NominalVoteList;
			sourceTree = "<group>";
		};
		EE48C4022858AF4900B2A9DC /* Presentation */ = {
			isa = PBXGroup;
			children = (
				EE48C4052858B26500B2A9DC /* Model */,
				EE48C4032858AF6200B2A9DC /* NominalVoteView.swift */,
				EE48C4082858B32E00B2A9DC /* VoteRowView.swift */,
				EE38C598285DDF5A007F24DD /* NominalVoteViewModel.swift */,
				EE38C59A285DDF8A007F24DD /* NominalVoteViewState.swift */,
			);
			path = Presentation;
			sourceTree = "<group>";
		};
		EE48C4052858B26500B2A9DC /* Model */ = {
			isa = PBXGroup;
			children = (
				EE48C4062858B28100B2A9DC /* VoteItem.swift */,
			);
			path = Model;
			sourceTree = "<group>";
		};
		EE5159882860A69900148240 /* Data */ = {
			isa = PBXGroup;
			children = (
				EE5159892860A6AD00148240 /* Model */,
				EE38C5A1285F48BE007F24DD /* Service */,
			);
			path = Data;
			sourceTree = "<group>";
		};
		EE5159892860A6AD00148240 /* Model */ = {
			isa = PBXGroup;
			children = (
				EE51598A2860A7AC00148240 /* NominalVote.swift */,
			);
			path = Model;
			sourceTree = "<group>";
		};
		EE9B17D827FDA509006175DB /* presentation */ = {
			isa = PBXGroup;
			children = (
				EEEB501927E34CF8004D4B6D /* email */,
				EEEB501A27E34D11004D4B6D /* password */,
				EEDD957327E22DAC00531F6F /* LoginText.swift */,
				EEDD956C27E21F5400531F6F /* LoginView.swift */,
				EE9B17D927FDA657006175DB /* LoginViewModel.swift */,
			);
			path = presentation;
			sourceTree = "<group>";
		};
		EEC88FB927E0B380006728C0 /* Button */ = {
			isa = PBXGroup;
			children = (
				EE285AC627DA162600373148 /* PrimaryButtonView.swift */,
				EEC88FC127E0BF74006728C0 /* ThirdButtonView.swift */,
				EE3CC93D27EC98E3000B63B6 /* BackButtonView.swift */,
			);
			path = Button;
			sourceTree = "<group>";
		};
		EEC88FBA27E0B9AD006728C0 /* Border */ = {
			isa = PBXGroup;
			children = (
				EEC88FBB27E0B9CB006728C0 /* BorderSize.swift */,
			);
			path = Border;
			sourceTree = "<group>";
		};
		EEDD956B27E21F4000531F6F /* Login */ = {
			isa = PBXGroup;
			children = (
				EE01D63B27FDAC12000C4294 /* data */,
				EE9B17D827FDA509006175DB /* presentation */,
			);
			path = Login;
			sourceTree = "<group>";
		};
		EEDD956E27E21F5E00531F6F /* Signup */ = {
			isa = PBXGroup;
			children = (
				EEDD956F27E21F7F00531F6F /* SignupView.swift */,
			);
			path = Signup;
			sourceTree = "<group>";
		};
		EEEB501927E34CF8004D4B6D /* email */ = {
			isa = PBXGroup;
			children = (
				EEDD957127E22CCF00531F6F /* LoginEmailView.swift */,
			);
			path = email;
			sourceTree = "<group>";
		};
		EEEB501A27E34D11004D4B6D /* password */ = {
			isa = PBXGroup;
			children = (
				EEEB501B27E34D28004D4B6D /* LoginPasswordView.swift */,
			);
			path = password;
			sourceTree = "<group>";
		};
		EEEB501D27E34EDE004D4B6D /* Texts */ = {
			isa = PBXGroup;
			children = (
				EEEB501E27E34EF1004D4B6D /* CommonTexts.swift */,
			);
			path = Texts;
			sourceTree = "<group>";
		};
		EEF9142327D8BF3400603BA3 = {
			isa = PBXGroup;
			children = (
				EE48C4012858AF0800B2A9DC /* NominalVoteList */,
				EE01D64527FDB0B8000C4294 /* Auth */,
				EE285AE827DA1B2000373148 /* Como-Vota--iOS--Info.plist */,
				EEF9145427D8CCD500603BA3 /* Fonts */,
				EEF9144B27D8C3DD00603BA3 /* Common */,
				EEF9144727D8C01500603BA3 /* Welcome */,
				EEF9142827D8BF3400603BA3 /* Shared */,
				EEF9143727D8BF3600603BA3 /* macOS */,
				EEF9143127D8BF3600603BA3 /* Products */,
				356B00FD511177C96EDD74CA /* Pods */,
				43B64D798CF57F86E67D8E55 /* Frameworks */,
			);
			sourceTree = "<group>";
		};
		EEF9142827D8BF3400603BA3 /* Shared */ = {
			isa = PBXGroup;
			children = (
				EEF9142927D8BF3400603BA3 /* Como_VotaApp.swift */,
				EEF9142A27D8BF3400603BA3 /* ContentView.swift */,
				EEF9142B27D8BF3500603BA3 /* Assets.xcassets */,
			);
			path = Shared;
			sourceTree = "<group>";
		};
		EEF9143127D8BF3600603BA3 /* Products */ = {
			isa = PBXGroup;
			children = (
				EEF9143027D8BF3600603BA3 /* Como Vota.app */,
				EEF9143627D8BF3600603BA3 /* Como Vota.app */,
			);
			name = Products;
			sourceTree = "<group>";
		};
		EEF9143727D8BF3600603BA3 /* macOS */ = {
			isa = PBXGroup;
			children = (
				EEF9143827D8BF3600603BA3 /* macOS.entitlements */,
			);
			path = macOS;
			sourceTree = "<group>";
		};
		EEF9144727D8C01500603BA3 /* Welcome */ = {
			isa = PBXGroup;
			children = (
				EEF9144827D8C02B00603BA3 /* Presentation */,
			);
			path = Welcome;
			sourceTree = "<group>";
		};
		EEF9144827D8C02B00603BA3 /* Presentation */ = {
			isa = PBXGroup;
			children = (
				EEF9144927D8C12300603BA3 /* WelcomeView.swift */,
				EE285AEE27DA1FFD00373148 /* WelcomeText.swift */,
				EEDD956927E21C9F00531F6F /* WelcomeNavigationDestinations.swift */,
			);
			path = Presentation;
			sourceTree = "<group>";
		};
		EEF9144B27D8C3DD00603BA3 /* Common */ = {
			isa = PBXGroup;
			children = (
				EE38C59C285DE2CD007F24DD /* View */,
				EE285AC827DA17C800373148 /* Extensions */,
				EE285AC527DA146100373148 /* Components */,
				EEF9144C27D8C40000603BA3 /* Constants */,
			);
			path = Common;
			sourceTree = "<group>";
		};
		EEF9144C27D8C40000603BA3 /* Constants */ = {
			isa = PBXGroup;
			children = (
				EE01D63E27FDAC5B000C4294 /* Data */,
				EEEB501D27E34EDE004D4B6D /* Texts */,
				EEF9145027D8CACE00603BA3 /* Design */,
			);
			path = Constants;
			sourceTree = "<group>";
		};
		EEF9144D27D8C40800603BA3 /* Size */ = {
			isa = PBXGroup;
			children = (
				EEF9144E27D8C41E00603BA3 /* TextSize.swift */,
				EEC5261927EB4B3D00CB6EC7 /* DotIndicatorSize.swift */,
			);
			path = Size;
			sourceTree = "<group>";
		};
		EEF9145027D8CACE00603BA3 /* Design */ = {
			isa = PBXGroup;
			children = (
				EEC88FBA27E0B9AD006728C0 /* Border */,
				EEF9145127D8CB4800603BA3 /* Spacing */,
				EEF9144D27D8C40800603BA3 /* Size */,
			);
			path = Design;
			sourceTree = "<group>";
		};
		EEF9145127D8CB4800603BA3 /* Spacing */ = {
			isa = PBXGroup;
			children = (
				EEF9145227D8CB8800603BA3 /* Spacing.swift */,
			);
			path = Spacing;
			sourceTree = "<group>";
		};
		EEF9145427D8CCD500603BA3 /* Fonts */ = {
			isa = PBXGroup;
			children = (
				EE285AD527DA1A5D00373148 /* IBMPlexMono-Bold.ttf */,
				EE285ACD27DA1A5D00373148 /* IBMPlexMono-BoldItalic.ttf */,
				EE285AD627DA1A5D00373148 /* IBMPlexMono-ExtraLight.ttf */,
				EE285AD927DA1A5D00373148 /* IBMPlexMono-ExtraLightItalic.ttf */,
				EE285AD427DA1A5D00373148 /* IBMPlexMono-Italic.ttf */,
				EE285AD727DA1A5D00373148 /* IBMPlexMono-Light.ttf */,
				EE285AD327DA1A5D00373148 /* IBMPlexMono-LightItalic.ttf */,
				EE285ACF27DA1A5D00373148 /* IBMPlexMono-Medium.ttf */,
				EE285ACE27DA1A5D00373148 /* IBMPlexMono-MediumItalic.ttf */,
				EE285AD127DA1A5D00373148 /* IBMPlexMono-Regular.ttf */,
				EE285AD027DA1A5D00373148 /* IBMPlexMono-SemiBold.ttf */,
				EE285AD827DA1A5D00373148 /* IBMPlexMono-SemiBoldItalic.ttf */,
				EE285AD227DA1A5D00373148 /* IBMPlexMono-Thin.ttf */,
				EE285ACC27DA1A5C00373148 /* IBMPlexMono-ThinItalic.ttf */,
			);
			path = Fonts;
			sourceTree = "<group>";
		};
/* End PBXGroup section */

/* Begin PBXNativeTarget section */
		EEF9142F27D8BF3600603BA3 /* Como Vota (iOS) */ = {
			isa = PBXNativeTarget;
			buildConfigurationList = EEF9144127D8BF3600603BA3 /* Build configuration list for PBXNativeTarget "Como Vota (iOS)" */;
			buildPhases = (
				344619AC68E75D81C2B12B7D /* [CP] Check Pods Manifest.lock */,
				EEF9142C27D8BF3600603BA3 /* Sources */,
				EEF9142D27D8BF3600603BA3 /* Frameworks */,
				EEF9142E27D8BF3600603BA3 /* Resources */,
				57EA18C724D490FEE40D2779 /* [CP] Embed Pods Frameworks */,
			);
			buildRules = (
			);
			dependencies = (
			);
			name = "Como Vota (iOS)";
			productName = "Como Vota (iOS)";
			productReference = EEF9143027D8BF3600603BA3 /* Como Vota.app */;
			productType = "com.apple.product-type.application";
		};
		EEF9143527D8BF3600603BA3 /* Como Vota (macOS) */ = {
			isa = PBXNativeTarget;
			buildConfigurationList = EEF9144427D8BF3600603BA3 /* Build configuration list for PBXNativeTarget "Como Vota (macOS)" */;
			buildPhases = (
				1C8AB76D1412035FED5A7275 /* [CP] Check Pods Manifest.lock */,
				EEF9143227D8BF3600603BA3 /* Sources */,
				EEF9143327D8BF3600603BA3 /* Frameworks */,
				EEF9143427D8BF3600603BA3 /* Resources */,
			);
			buildRules = (
			);
			dependencies = (
			);
			name = "Como Vota (macOS)";
			productName = "Como Vota (macOS)";
			productReference = EEF9143627D8BF3600603BA3 /* Como Vota.app */;
			productType = "com.apple.product-type.application";
		};
/* End PBXNativeTarget section */

/* Begin PBXProject section */
		EEF9142427D8BF3400603BA3 /* Project object */ = {
			isa = PBXProject;
			attributes = {
				BuildIndependentTargetsInParallel = 1;
				LastSwiftUpdateCheck = 1320;
				LastUpgradeCheck = 1320;
				TargetAttributes = {
					EEF9142F27D8BF3600603BA3 = {
						CreatedOnToolsVersion = 13.2.1;
					};
					EEF9143527D8BF3600603BA3 = {
						CreatedOnToolsVersion = 13.2.1;
					};
				};
			};
			buildConfigurationList = EEF9142727D8BF3400603BA3 /* Build configuration list for PBXProject "Como Vota" */;
			compatibilityVersion = "Xcode 13.0";
			developmentRegion = en;
			hasScannedForEncodings = 0;
			knownRegions = (
				en,
				Base,
			);
			mainGroup = EEF9142327D8BF3400603BA3;
			productRefGroup = EEF9143127D8BF3600603BA3 /* Products */;
			projectDirPath = "";
			projectRoot = "";
			targets = (
				EEF9142F27D8BF3600603BA3 /* Como Vota (iOS) */,
				EEF9143527D8BF3600603BA3 /* Como Vota (macOS) */,
			);
		};
/* End PBXProject section */

/* Begin PBXResourcesBuildPhase section */
		EEF9142E27D8BF3600603BA3 /* Resources */ = {
			isa = PBXResourcesBuildPhase;
			buildActionMask = 2147483647;
			files = (
				EE285ADE27DA1A5D00373148 /* IBMPlexMono-SemiBold.ttf in Resources */,
				EE285ADD27DA1A5D00373148 /* IBMPlexMono-Medium.ttf in Resources */,
				EE285AE027DA1A5D00373148 /* IBMPlexMono-Thin.ttf in Resources */,
				EE285AE227DA1A5D00373148 /* IBMPlexMono-Italic.ttf in Resources */,
				EE285ADF27DA1A5D00373148 /* IBMPlexMono-Regular.ttf in Resources */,
				EE285ADB27DA1A5D00373148 /* IBMPlexMono-BoldItalic.ttf in Resources */,
				EE285AE127DA1A5D00373148 /* IBMPlexMono-LightItalic.ttf in Resources */,
				EE285AE327DA1A5D00373148 /* IBMPlexMono-Bold.ttf in Resources */,
				EE285AE527DA1A5D00373148 /* IBMPlexMono-Light.ttf in Resources */,
				EE285ADA27DA1A5D00373148 /* IBMPlexMono-ThinItalic.ttf in Resources */,
				EE285AE627DA1A5D00373148 /* IBMPlexMono-SemiBoldItalic.ttf in Resources */,
				EE285AE427DA1A5D00373148 /* IBMPlexMono-ExtraLight.ttf in Resources */,
				EE285ADC27DA1A5D00373148 /* IBMPlexMono-MediumItalic.ttf in Resources */,
				EEF9143D27D8BF3600603BA3 /* Assets.xcassets in Resources */,
				EE285AE727DA1A5D00373148 /* IBMPlexMono-ExtraLightItalic.ttf in Resources */,
			);
			runOnlyForDeploymentPostprocessing = 0;
		};
		EEF9143427D8BF3600603BA3 /* Resources */ = {
			isa = PBXResourcesBuildPhase;
			buildActionMask = 2147483647;
			files = (
				EEF9143E27D8BF3600603BA3 /* Assets.xcassets in Resources */,
			);
			runOnlyForDeploymentPostprocessing = 0;
		};
/* End PBXResourcesBuildPhase section */

/* Begin PBXShellScriptBuildPhase section */
		1C8AB76D1412035FED5A7275 /* [CP] Check Pods Manifest.lock */ = {
			isa = PBXShellScriptBuildPhase;
			buildActionMask = 2147483647;
			files = (
			);
			inputFileListPaths = (
			);
			inputPaths = (
				"${PODS_PODFILE_DIR_PATH}/Podfile.lock",
				"${PODS_ROOT}/Manifest.lock",
			);
			name = "[CP] Check Pods Manifest.lock";
			outputFileListPaths = (
			);
			outputPaths = (
				"$(DERIVED_FILE_DIR)/Pods-Como Vota (macOS)-checkManifestLockResult.txt",
			);
			runOnlyForDeploymentPostprocessing = 0;
			shellPath = /bin/sh;
			shellScript = "diff \"${PODS_PODFILE_DIR_PATH}/Podfile.lock\" \"${PODS_ROOT}/Manifest.lock\" > /dev/null\nif [ $? != 0 ] ; then\n    # print error to STDERR\n    echo \"error: The sandbox is not in sync with the Podfile.lock. Run 'pod install' or update your CocoaPods installation.\" >&2\n    exit 1\nfi\n# This output is used by Xcode 'outputs' to avoid re-running this script phase.\necho \"SUCCESS\" > \"${SCRIPT_OUTPUT_FILE_0}\"\n";
			showEnvVarsInLog = 0;
		};
		344619AC68E75D81C2B12B7D /* [CP] Check Pods Manifest.lock */ = {
			isa = PBXShellScriptBuildPhase;
			buildActionMask = 2147483647;
			files = (
			);
			inputFileListPaths = (
			);
			inputPaths = (
				"${PODS_PODFILE_DIR_PATH}/Podfile.lock",
				"${PODS_ROOT}/Manifest.lock",
			);
			name = "[CP] Check Pods Manifest.lock";
			outputFileListPaths = (
			);
			outputPaths = (
				"$(DERIVED_FILE_DIR)/Pods-Como Vota (iOS)-checkManifestLockResult.txt",
			);
			runOnlyForDeploymentPostprocessing = 0;
			shellPath = /bin/sh;
			shellScript = "diff \"${PODS_PODFILE_DIR_PATH}/Podfile.lock\" \"${PODS_ROOT}/Manifest.lock\" > /dev/null\nif [ $? != 0 ] ; then\n    # print error to STDERR\n    echo \"error: The sandbox is not in sync with the Podfile.lock. Run 'pod install' or update your CocoaPods installation.\" >&2\n    exit 1\nfi\n# This output is used by Xcode 'outputs' to avoid re-running this script phase.\necho \"SUCCESS\" > \"${SCRIPT_OUTPUT_FILE_0}\"\n";
			showEnvVarsInLog = 0;
		};
		57EA18C724D490FEE40D2779 /* [CP] Embed Pods Frameworks */ = {
			isa = PBXShellScriptBuildPhase;
			buildActionMask = 2147483647;
			files = (
			);
			inputFileListPaths = (
				"${PODS_ROOT}/Target Support Files/Pods-Como Vota (iOS)/Pods-Como Vota (iOS)-frameworks-${CONFIGURATION}-input-files.xcfilelist",
			);
			name = "[CP] Embed Pods Frameworks";
			outputFileListPaths = (
				"${PODS_ROOT}/Target Support Files/Pods-Como Vota (iOS)/Pods-Como Vota (iOS)-frameworks-${CONFIGURATION}-output-files.xcfilelist",
			);
			runOnlyForDeploymentPostprocessing = 0;
			shellPath = /bin/sh;
			shellScript = "\"${PODS_ROOT}/Target Support Files/Pods-Como Vota (iOS)/Pods-Como Vota (iOS)-frameworks.sh\"\n";
			showEnvVarsInLog = 0;
		};
/* End PBXShellScriptBuildPhase section */

/* Begin PBXSourcesBuildPhase section */
		EEF9142C27D8BF3600603BA3 /* Sources */ = {
			isa = PBXSourcesBuildPhase;
			buildActionMask = 2147483647;
			files = (
				EE01D64027FDAC70000C4294 /* ApiConstants.swift in Sources */,
				EE48C4042858AF6200B2A9DC /* NominalVoteView.swift in Sources */,
				EE38C5A0285DE5A6007F24DD /* VisibilityExt.swift in Sources */,
				EE51598B2860A7AC00148240 /* NominalVote.swift in Sources */,
				EEDD957027E21F7F00531F6F /* SignupView.swift in Sources */,
				EEDD957227E22CCF00531F6F /* LoginEmailView.swift in Sources */,
				EEC88FBC27E0B9CB006728C0 /* BorderSize.swift in Sources */,
				EEF9143B27D8BF3600603BA3 /* ContentView.swift in Sources */,
				EEEB501F27E34EF1004D4B6D /* CommonTexts.swift in Sources */,
				EEF9144F27D8C41E00603BA3 /* TextSize.swift in Sources */,
				EEF9145327D8CB8800603BA3 /* Spacing.swift in Sources */,
				EE48C4092858B32E00B2A9DC /* VoteRowView.swift in Sources */,
				EE01D64427FDAD5D000C4294 /* LoginRequestPayload.swift in Sources */,
				EEF9144A27D8C12300603BA3 /* WelcomeView.swift in Sources */,
				EE285AEF27DA1FFD00373148 /* WelcomeText.swift in Sources */,
				EEDD957427E22DAC00531F6F /* LoginText.swift in Sources */,
				EEF9143927D8BF3600603BA3 /* Como_VotaApp.swift in Sources */,
				EE38C5A3285F48EA007F24DD /* NominalVoteService.swift in Sources */,
				EE3CC93E27EC98E3000B63B6 /* BackButtonView.swift in Sources */,
				EE01D64827FDB0D6000C4294 /* AuthenticatedUserResponsePayload.swift in Sources */,
				EEDD956A27E21C9F00531F6F /* WelcomeNavigationDestinations.swift in Sources */,
				EEEB501C27E34D28004D4B6D /* LoginPasswordView.swift in Sources */,
				EE285ACB27DA17F500373148 /* FontExt.swift in Sources */,
				EE285AC727DA162600373148 /* PrimaryButtonView.swift in Sources */,
				EEC5261A27EB4B3D00CB6EC7 /* DotIndicatorSize.swift in Sources */,
				EEDD956D27E21F5400531F6F /* LoginView.swift in Sources */,
				EE38C59B285DDF8A007F24DD /* NominalVoteViewState.swift in Sources */,
				EEC88FC227E0BF74006728C0 /* ThirdButtonView.swift in Sources */,
				EE285AEB27DA1C0700373148 /* LargeTitleView.swift in Sources */,
				EE38C599285DDF5A007F24DD /* NominalVoteViewModel.swift in Sources */,
				EE48C4072858B28100B2A9DC /* VoteItem.swift in Sources */,
				EE01D63D27FDAC2F000C4294 /* LoginRemoteDataSource.swift in Sources */,
				EE9B17DA27FDA657006175DB /* LoginViewModel.swift in Sources */,
			);
			runOnlyForDeploymentPostprocessing = 0;
		};
		EEF9143227D8BF3600603BA3 /* Sources */ = {
			isa = PBXSourcesBuildPhase;
			buildActionMask = 2147483647;
			files = (
				EEF9143C27D8BF3600603BA3 /* ContentView.swift in Sources */,
				EEF9143A27D8BF3600603BA3 /* Como_VotaApp.swift in Sources */,
			);
			runOnlyForDeploymentPostprocessing = 0;
		};
/* End PBXSourcesBuildPhase section */

/* Begin XCBuildConfiguration section */
		EEF9143F27D8BF3600603BA3 /* Debug */ = {
			isa = XCBuildConfiguration;
			buildSettings = {
				ALWAYS_SEARCH_USER_PATHS = NO;
				CLANG_ANALYZER_NONNULL = YES;
				CLANG_ANALYZER_NUMBER_OBJECT_CONVERSION = YES_AGGRESSIVE;
				CLANG_CXX_LANGUAGE_STANDARD = "gnu++17";
				CLANG_CXX_LIBRARY = "libc++";
				CLANG_ENABLE_MODULES = YES;
				CLANG_ENABLE_OBJC_ARC = YES;
				CLANG_ENABLE_OBJC_WEAK = YES;
				CLANG_WARN_BLOCK_CAPTURE_AUTORELEASING = YES;
				CLANG_WARN_BOOL_CONVERSION = YES;
				CLANG_WARN_COMMA = YES;
				CLANG_WARN_CONSTANT_CONVERSION = YES;
				CLANG_WARN_DEPRECATED_OBJC_IMPLEMENTATIONS = YES;
				CLANG_WARN_DIRECT_OBJC_ISA_USAGE = YES_ERROR;
				CLANG_WARN_DOCUMENTATION_COMMENTS = YES;
				CLANG_WARN_EMPTY_BODY = YES;
				CLANG_WARN_ENUM_CONVERSION = YES;
				CLANG_WARN_INFINITE_RECURSION = YES;
				CLANG_WARN_INT_CONVERSION = YES;
				CLANG_WARN_NON_LITERAL_NULL_CONVERSION = YES;
				CLANG_WARN_OBJC_IMPLICIT_RETAIN_SELF = YES;
				CLANG_WARN_OBJC_LITERAL_CONVERSION = YES;
				CLANG_WARN_OBJC_ROOT_CLASS = YES_ERROR;
				CLANG_WARN_QUOTED_INCLUDE_IN_FRAMEWORK_HEADER = YES;
				CLANG_WARN_RANGE_LOOP_ANALYSIS = YES;
				CLANG_WARN_STRICT_PROTOTYPES = YES;
				CLANG_WARN_SUSPICIOUS_MOVE = YES;
				CLANG_WARN_UNGUARDED_AVAILABILITY = YES_AGGRESSIVE;
				CLANG_WARN_UNREACHABLE_CODE = YES;
				CLANG_WARN__DUPLICATE_METHOD_MATCH = YES;
				COPY_PHASE_STRIP = NO;
				DEBUG_INFORMATION_FORMAT = dwarf;
				ENABLE_STRICT_OBJC_MSGSEND = YES;
				ENABLE_TESTABILITY = YES;
				GCC_C_LANGUAGE_STANDARD = gnu11;
				GCC_DYNAMIC_NO_PIC = NO;
				GCC_NO_COMMON_BLOCKS = YES;
				GCC_OPTIMIZATION_LEVEL = 0;
				GCC_PREPROCESSOR_DEFINITIONS = (
					"DEBUG=1",
					"$(inherited)",
				);
				GCC_WARN_64_TO_32_BIT_CONVERSION = YES;
				GCC_WARN_ABOUT_RETURN_TYPE = YES_ERROR;
				GCC_WARN_UNDECLARED_SELECTOR = YES;
				GCC_WARN_UNINITIALIZED_AUTOS = YES_AGGRESSIVE;
				GCC_WARN_UNUSED_FUNCTION = YES;
				GCC_WARN_UNUSED_VARIABLE = YES;
				MTL_ENABLE_DEBUG_INFO = INCLUDE_SOURCE;
				MTL_FAST_MATH = YES;
				ONLY_ACTIVE_ARCH = YES;
				SWIFT_ACTIVE_COMPILATION_CONDITIONS = DEBUG;
				SWIFT_OPTIMIZATION_LEVEL = "-Onone";
			};
			name = Debug;
		};
		EEF9144027D8BF3600603BA3 /* Release */ = {
			isa = XCBuildConfiguration;
			buildSettings = {
				ALWAYS_SEARCH_USER_PATHS = NO;
				CLANG_ANALYZER_NONNULL = YES;
				CLANG_ANALYZER_NUMBER_OBJECT_CONVERSION = YES_AGGRESSIVE;
				CLANG_CXX_LANGUAGE_STANDARD = "gnu++17";
				CLANG_CXX_LIBRARY = "libc++";
				CLANG_ENABLE_MODULES = YES;
				CLANG_ENABLE_OBJC_ARC = YES;
				CLANG_ENABLE_OBJC_WEAK = YES;
				CLANG_WARN_BLOCK_CAPTURE_AUTORELEASING = YES;
				CLANG_WARN_BOOL_CONVERSION = YES;
				CLANG_WARN_COMMA = YES;
				CLANG_WARN_CONSTANT_CONVERSION = YES;
				CLANG_WARN_DEPRECATED_OBJC_IMPLEMENTATIONS = YES;
				CLANG_WARN_DIRECT_OBJC_ISA_USAGE = YES_ERROR;
				CLANG_WARN_DOCUMENTATION_COMMENTS = YES;
				CLANG_WARN_EMPTY_BODY = YES;
				CLANG_WARN_ENUM_CONVERSION = YES;
				CLANG_WARN_INFINITE_RECURSION = YES;
				CLANG_WARN_INT_CONVERSION = YES;
				CLANG_WARN_NON_LITERAL_NULL_CONVERSION = YES;
				CLANG_WARN_OBJC_IMPLICIT_RETAIN_SELF = YES;
				CLANG_WARN_OBJC_LITERAL_CONVERSION = YES;
				CLANG_WARN_OBJC_ROOT_CLASS = YES_ERROR;
				CLANG_WARN_QUOTED_INCLUDE_IN_FRAMEWORK_HEADER = YES;
				CLANG_WARN_RANGE_LOOP_ANALYSIS = YES;
				CLANG_WARN_STRICT_PROTOTYPES = YES;
				CLANG_WARN_SUSPICIOUS_MOVE = YES;
				CLANG_WARN_UNGUARDED_AVAILABILITY = YES_AGGRESSIVE;
				CLANG_WARN_UNREACHABLE_CODE = YES;
				CLANG_WARN__DUPLICATE_METHOD_MATCH = YES;
				COPY_PHASE_STRIP = NO;
				DEBUG_INFORMATION_FORMAT = "dwarf-with-dsym";
				ENABLE_NS_ASSERTIONS = NO;
				ENABLE_STRICT_OBJC_MSGSEND = YES;
				GCC_C_LANGUAGE_STANDARD = gnu11;
				GCC_NO_COMMON_BLOCKS = YES;
				GCC_WARN_64_TO_32_BIT_CONVERSION = YES;
				GCC_WARN_ABOUT_RETURN_TYPE = YES_ERROR;
				GCC_WARN_UNDECLARED_SELECTOR = YES;
				GCC_WARN_UNINITIALIZED_AUTOS = YES_AGGRESSIVE;
				GCC_WARN_UNUSED_FUNCTION = YES;
				GCC_WARN_UNUSED_VARIABLE = YES;
				MTL_ENABLE_DEBUG_INFO = NO;
				MTL_FAST_MATH = YES;
				SWIFT_COMPILATION_MODE = wholemodule;
				SWIFT_OPTIMIZATION_LEVEL = "-O";
			};
			name = Release;
		};
		EEF9144227D8BF3600603BA3 /* Debug */ = {
			isa = XCBuildConfiguration;
			baseConfigurationReference = E293FCBE2700C4BC31E77C5F /* Pods-Como Vota (iOS).debug.xcconfig */;
			buildSettings = {
				ASSETCATALOG_COMPILER_APPICON_NAME = AppIcon;
				ASSETCATALOG_COMPILER_GLOBAL_ACCENT_COLOR_NAME = AccentColor;
				CODE_SIGN_STYLE = Automatic;
				CURRENT_PROJECT_VERSION = 1;
				ENABLE_PREVIEWS = YES;
				GENERATE_INFOPLIST_FILE = YES;
				INFOPLIST_FILE = "Como-Vota--iOS--Info.plist";
				INFOPLIST_KEY_UIApplicationSceneManifest_Generation = YES;
				INFOPLIST_KEY_UIApplicationSupportsIndirectInputEvents = YES;
				INFOPLIST_KEY_UILaunchScreen_Generation = YES;
				INFOPLIST_KEY_UISupportedInterfaceOrientations_iPad = "UIInterfaceOrientationPortrait UIInterfaceOrientationPortraitUpsideDown UIInterfaceOrientationLandscapeLeft UIInterfaceOrientationLandscapeRight";
				INFOPLIST_KEY_UISupportedInterfaceOrientations_iPhone = "UIInterfaceOrientationPortrait UIInterfaceOrientationLandscapeLeft UIInterfaceOrientationLandscapeRight";
				IPHONEOS_DEPLOYMENT_TARGET = 15.2;
				LD_RUNPATH_SEARCH_PATHS = (
					"$(inherited)",
					"@executable_path/Frameworks",
				);
				MARKETING_VERSION = 1.0;
				PRODUCT_BUNDLE_IDENTIFIER = "Jardim.Como-Vota";
				PRODUCT_NAME = "Como Vota";
				SDKROOT = iphoneos;
				SWIFT_EMIT_LOC_STRINGS = YES;
				SWIFT_VERSION = 5.0;
				TARGETED_DEVICE_FAMILY = "1,2";
			};
			name = Debug;
		};
		EEF9144327D8BF3600603BA3 /* Release */ = {
			isa = XCBuildConfiguration;
			baseConfigurationReference = 051EDC4B92AEE5D153AF6C18 /* Pods-Como Vota (iOS).release.xcconfig */;
			buildSettings = {
				ASSETCATALOG_COMPILER_APPICON_NAME = AppIcon;
				ASSETCATALOG_COMPILER_GLOBAL_ACCENT_COLOR_NAME = AccentColor;
				CODE_SIGN_STYLE = Automatic;
				CURRENT_PROJECT_VERSION = 1;
				ENABLE_PREVIEWS = YES;
				GENERATE_INFOPLIST_FILE = YES;
				INFOPLIST_FILE = "Como-Vota--iOS--Info.plist";
				INFOPLIST_KEY_UIApplicationSceneManifest_Generation = YES;
				INFOPLIST_KEY_UIApplicationSupportsIndirectInputEvents = YES;
				INFOPLIST_KEY_UILaunchScreen_Generation = YES;
				INFOPLIST_KEY_UISupportedInterfaceOrientations_iPad = "UIInterfaceOrientationPortrait UIInterfaceOrientationPortraitUpsideDown UIInterfaceOrientationLandscapeLeft UIInterfaceOrientationLandscapeRight";
				INFOPLIST_KEY_UISupportedInterfaceOrientations_iPhone = "UIInterfaceOrientationPortrait UIInterfaceOrientationLandscapeLeft UIInterfaceOrientationLandscapeRight";
				IPHONEOS_DEPLOYMENT_TARGET = 15.2;
				LD_RUNPATH_SEARCH_PATHS = (
					"$(inherited)",
					"@executable_path/Frameworks",
				);
				MARKETING_VERSION = 1.0;
				PRODUCT_BUNDLE_IDENTIFIER = "Jardim.Como-Vota";
				PRODUCT_NAME = "Como Vota";
				SDKROOT = iphoneos;
				SWIFT_EMIT_LOC_STRINGS = YES;
				SWIFT_VERSION = 5.0;
				TARGETED_DEVICE_FAMILY = "1,2";
				VALIDATE_PRODUCT = YES;
			};
			name = Release;
		};
		EEF9144527D8BF3600603BA3 /* Debug */ = {
			isa = XCBuildConfiguration;
			baseConfigurationReference = 64F070AB5681BD1F9864FA01 /* Pods-Como Vota (macOS).debug.xcconfig */;
			buildSettings = {
				ASSETCATALOG_COMPILER_APPICON_NAME = AppIcon;
				ASSETCATALOG_COMPILER_GLOBAL_ACCENT_COLOR_NAME = AccentColor;
				CODE_SIGN_ENTITLEMENTS = macOS/macOS.entitlements;
				CODE_SIGN_STYLE = Automatic;
				COMBINE_HIDPI_IMAGES = YES;
				CURRENT_PROJECT_VERSION = 1;
				ENABLE_PREVIEWS = YES;
				GENERATE_INFOPLIST_FILE = YES;
				INFOPLIST_KEY_NSHumanReadableCopyright = "";
				LD_RUNPATH_SEARCH_PATHS = (
					"$(inherited)",
					"@executable_path/../Frameworks",
				);
				MACOSX_DEPLOYMENT_TARGET = 12.1;
				MARKETING_VERSION = 1.0;
				PRODUCT_BUNDLE_IDENTIFIER = "Jardim.Como-Vota";
				PRODUCT_NAME = "Como Vota";
				SDKROOT = macosx;
				SWIFT_EMIT_LOC_STRINGS = YES;
				SWIFT_VERSION = 5.0;
			};
			name = Debug;
		};
		EEF9144627D8BF3600603BA3 /* Release */ = {
			isa = XCBuildConfiguration;
			baseConfigurationReference = EB8B4561EABDBB7572B168B0 /* Pods-Como Vota (macOS).release.xcconfig */;
			buildSettings = {
				ASSETCATALOG_COMPILER_APPICON_NAME = AppIcon;
				ASSETCATALOG_COMPILER_GLOBAL_ACCENT_COLOR_NAME = AccentColor;
				CODE_SIGN_ENTITLEMENTS = macOS/macOS.entitlements;
				CODE_SIGN_STYLE = Automatic;
				COMBINE_HIDPI_IMAGES = YES;
				CURRENT_PROJECT_VERSION = 1;
				ENABLE_PREVIEWS = YES;
				GENERATE_INFOPLIST_FILE = YES;
				INFOPLIST_KEY_NSHumanReadableCopyright = "";
				LD_RUNPATH_SEARCH_PATHS = (
					"$(inherited)",
					"@executable_path/../Frameworks",
				);
				MACOSX_DEPLOYMENT_TARGET = 12.1;
				MARKETING_VERSION = 1.0;
				PRODUCT_BUNDLE_IDENTIFIER = "Jardim.Como-Vota";
				PRODUCT_NAME = "Como Vota";
				SDKROOT = macosx;
				SWIFT_EMIT_LOC_STRINGS = YES;
				SWIFT_VERSION = 5.0;
			};
			name = Release;
		};
/* End XCBuildConfiguration section */

/* Begin XCConfigurationList section */
		EEF9142727D8BF3400603BA3 /* Build configuration list for PBXProject "Como Vota" */ = {
			isa = XCConfigurationList;
			buildConfigurations = (
				EEF9143F27D8BF3600603BA3 /* Debug */,
				EEF9144027D8BF3600603BA3 /* Release */,
			);
			defaultConfigurationIsVisible = 0;
			defaultConfigurationName = Release;
		};
		EEF9144127D8BF3600603BA3 /* Build configuration list for PBXNativeTarget "Como Vota (iOS)" */ = {
			isa = XCConfigurationList;
			buildConfigurations = (
				EEF9144227D8BF3600603BA3 /* Debug */,
				EEF9144327D8BF3600603BA3 /* Release */,
			);
			defaultConfigurationIsVisible = 0;
			defaultConfigurationName = Release;
		};
		EEF9144427D8BF3600603BA3 /* Build configuration list for PBXNativeTarget "Como Vota (macOS)" */ = {
			isa = XCConfigurationList;
			buildConfigurations = (
				EEF9144527D8BF3600603BA3 /* Debug */,
				EEF9144627D8BF3600603BA3 /* Release */,
			);
			defaultConfigurationIsVisible = 0;
			defaultConfigurationName = Release;
		};
/* End XCConfigurationList section */
	};
	rootObject = EEF9142427D8BF3400603BA3 /* Project object */;
}
